
Microsoft Visual Studio Solution File, Format Version 12.00
# Visual Studio Version 17
VisualStudioVersion = 17.14.36518.9 d17.14
MinimumVisualStudioVersion = 10.0.40219.1
Project("{FAE04EC0-301F-11D3-BF4B-00C04F79EFBC}") = "Luma.Api", "Luma.Api.csproj", "{93505823-C196-BA27-00EE-04D4604F2DFA}"
EndProject
Global
	GlobalSection(SolutionConfigurationPlatforms) = preSolution
		Debug|Any CPU = Debug|Any CPU
		Release|Any CPU = Release|Any CPU
	EndGlobalSection
	GlobalSection(ProjectConfigurationPlatforms) = postSolution
		{93505823-C196-BA27-00EE-04D4604F2DFA}.Debug|Any CPU.ActiveCfg = Debug|Any CPU
		{93505823-C196-BA27-00EE-04D4604F2DFA}.Debug|Any CPU.Build.0 = Debug|Any CPU
		{93505823-C196-BA27-00EE-04D4604F2DFA}.Release|Any CPU.ActiveCfg = Release|Any CPU
		{93505823-C196-BA27-00EE-04D4604F2DFA}.Release|Any CPU.Build.0 = Release|Any CPU
	EndGlobalSection
	GlobalSection(SolutionProperties) = preSolution
		HideSolutionNode = FALSE
	EndGlobalSection
	GlobalSection(ExtensibilityGlobals) = postSolution
		SolutionGuid = {C6836F04-1968-4AA2-8413-813A4E670B4E}
	EndGlobalSection
EndGlobal
